# THIS IS AN AUTOGENERATED FILE. DO NOT EDIT THIS FILE DIRECTLY.
# yarn lockfile v1


"@datadog/libdatadog@^0.6.0":
  version "0.6.0"
  resolved "https://registry.yarnpkg.com/@datadog/libdatadog/-/libdatadog-0.6.0.tgz#299a717ca18d1ea643ecf5880095ed864ffa32a8"
  integrity sha512-Ldu+U59LUnejtd7ceXMKJCAFZeYpNdTEEXr8PISY9HFXMa4DOwepcWMaJAAqCPU7LINJeivVwvSD1Pm14VZy7w==

"@datadog/native-appsec@8.5.2":
  version "8.5.2"
  resolved "https://registry.yarnpkg.com/@datadog/native-appsec/-/native-appsec-8.5.2.tgz#93a2c15c71c2a90e19e12506fbbdec9ccbc91541"
  integrity sha512-lETBaVhBk+9o0pc+LDnXvp2ImDyT8K2deuqLf8A6q4/QjzCCXyR/yZO9R5+Kdoc93jZMRTWV9Pr4pBwHEdJSVA==
  dependencies:
    node-gyp-build "^3.9.0"

"@datadog/native-iast-taint-tracking@4.0.0":
  version "4.0.0"
  resolved "https://registry.yarnpkg.com/@datadog/native-iast-taint-tracking/-/native-iast-taint-tracking-4.0.0.tgz#a774742e6723b93d58bf31a87728e4da1634074f"
  integrity sha512-2uF8RnQkJO5bmLi26Zkhxg+RFJn/uEsesYTflScI/Cz/BWv+792bxI+OaCKvhgmpLkm8EElenlpidcJyZm7GYw==
  dependencies:
    node-gyp-build "^3.9.0"

"@datadog/native-metrics@^3.1.1":
  version "3.1.1"
  resolved "https://registry.yarnpkg.com/@datadog/native-metrics/-/native-metrics-3.1.1.tgz#4e5c9775751af13e353e64e573ab724104538cee"
  integrity sha512-MU1gHrolwryrU4X9g+fylA1KPH3S46oqJPEtVyrO+3Kh29z80fegmtyrU22bNt8LigPUK/EdPCnSbMe88QbnxQ==
  dependencies:
    node-addon-api "^6.1.0"
    node-gyp-build "^3.9.0"

"@datadog/pprof@5.8.0":
  version "5.8.0"
  resolved "https://registry.yarnpkg.com/@datadog/pprof/-/pprof-5.8.0.tgz#0067b5bac159bfe1cc098b3dff69a3622e3263e8"
  integrity sha512-3FL2qpkFWvIEptSk7x9RVs1PJeF+VCrGxQpKViloQkrnH5mjcwaIQiWyNZYyV1H1vhKJIS+ummSBcsOLkV49qA==
  dependencies:
    delay "^5.0.0"
    node-gyp-build "<4.0"
    p-limit "^3.1.0"
    pprof-format "^2.1.0"
    source-map "^0.7.4"

"@datadog/sketches-js@^2.1.1":
  version "2.1.1"
  resolved "https://registry.yarnpkg.com/@datadog/sketches-js/-/sketches-js-2.1.1.tgz#9ec2251b3c932b4f43e1d164461fa6cb6f28b7d0"
  integrity sha512-d5RjycE+MObE/hU+8OM5Zp4VjTwiPLRa8299fj7muOmR16fb942z8byoMbCErnGh0lBevvgkGrLclQDvINbIyg==

"@datadog/wasm-js-rewriter@4.0.1":
  version "4.0.1"
  resolved "https://registry.yarnpkg.com/@datadog/wasm-js-rewriter/-/wasm-js-rewriter-4.0.1.tgz#883535e97f6b88b15427f93b5dc5d2d3a01c02b6"
  integrity sha512-JRa05Je6gw+9+3yZnm/BroQZrEfNwRYCxms56WCCHzOBnoPihQLB0fWy5coVJS29kneCUueUvBvxGp6NVXgdqw==
  dependencies:
    js-yaml "^4.1.0"
    lru-cache "^7.14.0"
    module-details-from-path "^1.0.3"
    node-gyp-build "^4.5.0"

"@isaacs/ttlcache@^1.4.1":
  version "1.4.1"
  resolved "https://registry.yarnpkg.com/@isaacs/ttlcache/-/ttlcache-1.4.1.tgz#21fb23db34e9b6220c6ba023a0118a2dd3461ea2"
  integrity sha512-RQgQ4uQ+pLbqXfOmieB91ejmLwvSgv9nLx6sT6sD83s7umBypgg+OIBOBbEUiJXrfpnp9j0mRhYYdzp9uqq3lA==

"@opentelemetry/api@>=1.0.0 <1.9.0":
  version "1.8.0"
  resolved "https://registry.yarnpkg.com/@opentelemetry/api/-/api-1.8.0.tgz#5aa7abb48f23f693068ed2999ae627d2f7d902ec"
  integrity sha512-I/s6F7yKUDdtMsoBWXJe8Qz40Tui5vsuKCWJEWVL+5q9sSWRzzx6v2KeNsOBEwd94j0eWkpWCH4yB6rZg9Mf0w==

"@opentelemetry/core@^1.14.0":
  version "1.30.1"
  resolved "https://registry.yarnpkg.com/@opentelemetry/core/-/core-1.30.1.tgz#a0b468bb396358df801881709ea38299fc30ab27"
  integrity sha512-OOCM2C/QIURhJMuKaekP3TRBxBKxG/TWWA0TL2J6nXUtDnuCtccy49LUJF8xPFXMX+0LMcxFpCo8M9cGY1W6rQ==
  dependencies:
    "@opentelemetry/semantic-conventions" "1.28.0"

"@opentelemetry/semantic-conventions@1.28.0":
  version "1.28.0"
  resolved "https://registry.yarnpkg.com/@opentelemetry/semantic-conventions/-/semantic-conventions-1.28.0.tgz#337fb2bca0453d0726696e745f50064411f646d6"
  integrity sha512-lp4qAiMTD4sNWW4DbKLBkfiMZ4jbAboJIGOQr5DvciMRI494OapieI9qiODpOt0XBr1LjIDy1xAGAnVs5supTA==

"@protobufjs/aspromise@^1.1.1", "@protobufjs/aspromise@^1.1.2":
  version "1.1.2"
  resolved "https://registry.yarnpkg.com/@protobufjs/aspromise/-/aspromise-1.1.2.tgz#9b8b0cc663d669a7d8f6f5d0893a14d348f30fbf"
  integrity sha512-j+gKExEuLmKwvz3OgROXtrJ2UG2x8Ch2YZUxahh+s1F2HZ+wAceUNLkvy6zKCPVRkU++ZWQrdxsUeQXmcg4uoQ==

"@protobufjs/base64@^1.1.2":
  version "1.1.2"
  resolved "https://registry.yarnpkg.com/@protobufjs/base64/-/base64-1.1.2.tgz#4c85730e59b9a1f1f349047dbf24296034bb2735"
  integrity sha512-AZkcAA5vnN/v4PDqKyMR5lx7hZttPDgClv83E//FMNhR2TMcLUhfRUBHCmSl0oi9zMgDDqRUJkSxO3wm85+XLg==

"@protobufjs/codegen@^2.0.4":
  version "2.0.4"
  resolved "https://registry.yarnpkg.com/@protobufjs/codegen/-/codegen-2.0.4.tgz#7ef37f0d010fb028ad1ad59722e506d9262815cb"
  integrity sha512-YyFaikqM5sH0ziFZCN3xDC7zeGaB/d0IUb9CATugHWbd1FRFwWwt4ld4OYMPWu5a3Xe01mGAULCdqhMlPl29Jg==

"@protobufjs/eventemitter@^1.1.0":
  version "1.1.0"
  resolved "https://registry.yarnpkg.com/@protobufjs/eventemitter/-/eventemitter-1.1.0.tgz#355cbc98bafad5978f9ed095f397621f1d066b70"
  integrity sha512-j9ednRT81vYJ9OfVuXG6ERSTdEL1xVsNgqpkxMsbIabzSo3goCjDIveeGv5d03om39ML71RdmrGNjG5SReBP/Q==

"@protobufjs/fetch@^1.1.0":
  version "1.1.0"
  resolved "https://registry.yarnpkg.com/@protobufjs/fetch/-/fetch-1.1.0.tgz#ba99fb598614af65700c1619ff06d454b0d84c45"
  integrity sha512-lljVXpqXebpsijW71PZaCYeIcE5on1w5DlQy5WH6GLbFryLUrBD4932W/E2BSpfRJWseIL4v/KPgBFxDOIdKpQ==
  dependencies:
    "@protobufjs/aspromise" "^1.1.1"
    "@protobufjs/inquire" "^1.1.0"

"@protobufjs/float@^1.0.2":
  version "1.0.2"
  resolved "https://registry.yarnpkg.com/@protobufjs/float/-/float-1.0.2.tgz#5e9e1abdcb73fc0a7cb8b291df78c8cbd97b87d1"
  integrity sha512-Ddb+kVXlXst9d+R9PfTIxh1EdNkgoRe5tOX6t01f1lYWOvJnSPDBlG241QLzcyPdoNTsblLUdujGSE4RzrTZGQ==

"@protobufjs/inquire@^1.1.0":
  version "1.1.0"
  resolved "https://registry.yarnpkg.com/@protobufjs/inquire/-/inquire-1.1.0.tgz#ff200e3e7cf2429e2dcafc1140828e8cc638f089"
  integrity sha512-kdSefcPdruJiFMVSbn801t4vFK7KB/5gd2fYvrxhuJYg8ILrmn9SKSX2tZdV6V+ksulWqS7aXjBcRXl3wHoD9Q==

"@protobufjs/path@^1.1.2":
  version "1.1.2"
  resolved "https://registry.yarnpkg.com/@protobufjs/path/-/path-1.1.2.tgz#6cc2b20c5c9ad6ad0dccfd21ca7673d8d7fbf68d"
  integrity sha512-6JOcJ5Tm08dOHAbdR3GrvP+yUUfkjG5ePsHYczMFLq3ZmMkAD98cDgcT2iA1lJ9NVwFd4tH/iSSoe44YWkltEA==

"@protobufjs/pool@^1.1.0":
  version "1.1.0"
  resolved "https://registry.yarnpkg.com/@protobufjs/pool/-/pool-1.1.0.tgz#09fd15f2d6d3abfa9b65bc366506d6ad7846ff54"
  integrity sha512-0kELaGSIDBKvcgS4zkjz1PeddatrjYcmMWOlAuAPwAeccUrPHdUqo/J6LiymHHEiJT5NrF1UVwxY14f+fy4WQw==

"@protobufjs/utf8@^1.1.0":
  version "1.1.0"
  resolved "https://registry.yarnpkg.com/@protobufjs/utf8/-/utf8-1.1.0.tgz#a777360b5b39a1a2e5106f8e858f2fd2d060c570"
  integrity sha512-Vvn3zZrhQZkkBE8LSuW3em98c0FwgO4nxzv6OdSxPKJIEKY2bGbHn+mhGIPerzI4twdxaP8/0+06HBpwf345Lw==

"@types/node@>=13.7.0":
  version "18.13.0"
  resolved "https://registry.yarnpkg.com/@types/node/-/node-18.13.0.tgz#0400d1e6ce87e9d3032c19eb6c58205b0d3f7850"
  integrity sha512-gC3TazRzGoOnoKAhUx+Q0t8S9Tzs74z7m0ipwGpSqQrleP14hKxP4/JUeEQcD3W1/aIpnWl8pHowI7WokuZpXg==

acorn-import-attributes@^1.9.5:
  version "1.9.5"
  resolved "https://registry.yarnpkg.com/acorn-import-attributes/-/acorn-import-attributes-1.9.5.tgz#7eb1557b1ba05ef18b5ed0ec67591bfab04688ef"
  integrity sha512-n02Vykv5uA3eHGM/Z2dQrcD56kL8TyDb2p1+0P83PClMnC/nc+anbQRhIOWnSq4Ke/KvDPrY3C9hDtC/A3eHnQ==

acorn@^8.14.0:
  version "8.14.1"
  resolved "https://registry.yarnpkg.com/acorn/-/acorn-8.14.1.tgz#721d5dc10f7d5b5609a891773d47731796935dfb"
  integrity sha512-OvQ/2pUDKmgfCg++xsTX1wGxfTaszcHVcTctW4UJB4hibJx2HXxxO5UmVgyjMa+ZDsiaf5wWLXYpRWMmBI0QHg==

argparse@^2.0.1:
  version "2.0.1"
  resolved "https://registry.yarnpkg.com/argparse/-/argparse-2.0.1.tgz#246f50f3ca78a3240f6c997e8a9bd1eac49e4b38"
  integrity sha512-8+9WqebbFzpX9OR+Wa6O29asIogeRMzcGtAINdpMHHyAg10f05aSFVBbcEqGf/PXw1EjAZ+q2/bEBg3DvurK3Q==

cjs-module-lexer@^1.2.2:
  version "1.4.3"
  resolved "https://registry.yarnpkg.com/cjs-module-lexer/-/cjs-module-lexer-1.4.3.tgz#0f79731eb8cfe1ec72acd4066efac9d61991b00d"
  integrity sha512-9z8TZaGM1pfswYeXrUpzPrkx8UnWYdhJclsiYMm6x/w5+nN+8Tf/LnAgfLGQCm59qAOxU8WwHEq2vNwF6i4j+Q==

crypto-randomuuid@^1.0.0:
  version "1.0.0"
  resolved "https://registry.yarnpkg.com/crypto-randomuuid/-/crypto-randomuuid-1.0.0.tgz#acf583e5e085e867ae23e107ff70279024f9e9e7"
  integrity sha512-/RC5F4l1SCqD/jazwUF6+t34Cd8zTSAGZ7rvvZu1whZUhD2a5MOGKjSGowoGcpj/cbVZk1ZODIooJEQQq3nNAA==

dc-polyfill@0.1.9:
  version "0.1.9"
  resolved "https://registry.yarnpkg.com/dc-polyfill/-/dc-polyfill-0.1.9.tgz#ee594f4366a6dcf006db1c1f9d3672f57a720856"
  integrity sha512-D5mJThEEk9hf+CJPwTf9JFsrWdlWp8Pccjxkhf7uUT/E/cU9Mx3ebWe2Bz2OawRmJ6WS9eaDPBkeBE4uOKq9uw==

dd-trace@^5.53.0:
  version "5.54.0"
  resolved "https://registry.yarnpkg.com/dd-trace/-/dd-trace-5.54.0.tgz#5c117d779a35eb7bc169276e29852aacc8bc0cdc"
  integrity sha512-JbvSMapqGsqQNvZSPrMUMAtjWELoGFSWGdXk12SEgt35p+3wbXztrMof903ZODE07AQPJJ8YbPOioACMcAvOlg==
  dependencies:
    "@datadog/libdatadog" "^0.6.0"
    "@datadog/native-appsec" "8.5.2"
    "@datadog/native-iast-taint-tracking" "4.0.0"
    "@datadog/native-metrics" "^3.1.1"
    "@datadog/pprof" "5.8.0"
    "@datadog/sketches-js" "^2.1.1"
    "@datadog/wasm-js-rewriter" "4.0.1"
    "@isaacs/ttlcache" "^1.4.1"
    "@opentelemetry/api" ">=1.0.0 <1.9.0"
    "@opentelemetry/core" "^1.14.0"
    crypto-randomuuid "^1.0.0"
    dc-polyfill "0.1.9"
    ignore "^5.2.4"
    import-in-the-middle "1.14.0"
    istanbul-lib-coverage "3.2.2"
    jest-docblock "^29.7.0"
    koalas "^1.0.2"
    limiter "1.1.5"
    lodash.sortby "^4.7.0"
    lru-cache "^7.18.3"
    module-details-from-path "^1.0.4"
    mutexify "^1.4.0"
    opentracing ">=0.12.1"
    path-to-regexp "^0.1.12"
    pprof-format "^2.1.0"
    protobufjs "^7.5.3"
    retry "^0.13.1"
    rfdc "^1.4.1"
    semifies "^1.0.0"
    shell-quote "^1.8.2"
    source-map "^0.7.4"
    tlhunter-sorted-set "^0.1.0"
    ttl-set "^1.0.0"

delay@^5.0.0:
  version "5.0.0"
  resolved "https://registry.yarnpkg.com/delay/-/delay-5.0.0.tgz#137045ef1b96e5071060dd5be60bf9334436bd1d"
  integrity sha512-ReEBKkIfe4ya47wlPYf/gu5ib6yUG0/Aez0JQZQz94kiWtRQvZIQbTiehsnwHvLSWJnQdhVeqYue7Id1dKr0qw==

detect-newline@^3.0.0:
  version "3.1.0"
  resolved "https://registry.yarnpkg.com/detect-newline/-/detect-newline-3.1.0.tgz#576f5dfc63ae1a192ff192d8ad3af6308991b651"
  integrity sha512-TLz+x/vEXm/Y7P7wn1EJFNLxYpUD4TgMosxY6fAVJUnJMbupHBOncxyWUG9OpTaH9EBD7uFI5LfEgmMOc54DsA==

fast-fifo@^1.3.2:
  version "1.3.2"
  resolved "https://registry.yarnpkg.com/fast-fifo/-/fast-fifo-1.3.2.tgz#286e31de96eb96d38a97899815740ba2a4f3640c"
  integrity sha512-/d9sfos4yxzpwkDkuN7k2SqFKtYNmCTzgfEpz82x34IM9/zc8KGxQoXg1liNC/izpRM/MBdt44Nmx41ZWqk+FQ==

ignore@^5.2.4:
  version "5.3.2"
  resolved "https://registry.yarnpkg.com/ignore/-/ignore-5.3.2.tgz#3cd40e729f3643fd87cb04e50bf0eb722bc596f5"
  integrity sha512-hsBTNUqQTDwkWtcdYI2i06Y/nUBEsNEDJKjWdigLvegy8kDuJAS8uRlpkkcQpyEXL0Z/pjDy5HBmMjRCJ2gq+g==

import-in-the-middle@1.14.0:
  version "1.14.0"
  resolved "https://registry.yarnpkg.com/import-in-the-middle/-/import-in-the-middle-1.14.0.tgz#c9b6cd3400718ff0acbbf5c870adf708bbf5ef39"
  integrity sha512-g5zLT0HaztRJWysayWYiUq/7E5H825QIiecMD2pI5QO7Wzr847l6GDvPvmZaDIdrDtS2w7qRczywxiK6SL5vRw==
  dependencies:
    acorn "^8.14.0"
    acorn-import-attributes "^1.9.5"
    cjs-module-lexer "^1.2.2"
    module-details-from-path "^1.0.3"

istanbul-lib-coverage@3.2.2:
  version "3.2.2"
  resolved "https://registry.yarnpkg.com/istanbul-lib-coverage/-/istanbul-lib-coverage-3.2.2.tgz#2d166c4b0644d43a39f04bf6c2edd1e585f31756"
  integrity sha512-O8dpsF+r0WV/8MNRKfnmrtCWhuKjxrq2w+jpzBL5UZKTi2LeVWnWOmWRxFlesJONmc+wLAGvKQZEOanko0LFTg==

jest-docblock@^29.7.0:
  version "29.7.0"
  resolved "https://registry.yarnpkg.com/jest-docblock/-/jest-docblock-29.7.0.tgz#8fddb6adc3cdc955c93e2a87f61cfd350d5d119a"
  integrity sha512-q617Auw3A612guyaFgsbFeYpNP5t2aoUNLwBUbc/0kD1R4t9ixDbyFTHd1nok4epoVFpr7PmeWHrhvuV3XaJ4g==
  dependencies:
    detect-newline "^3.0.0"

js-yaml@^4.1.0:
  version "4.1.0"
  resolved "https://registry.yarnpkg.com/js-yaml/-/js-yaml-4.1.0.tgz#c1fb65f8f5017901cdd2c951864ba18458a10602"
  integrity sha512-wpxZs9NoxZaJESJGIZTyDEaYpl0FKSA+FB9aJiyemKhMwkxQg63h4T1KJgUGHpTqPDNRcmmYLugrRjJlBtWvRA==
  dependencies:
    argparse "^2.0.1"

koalas@^1.0.2:
  version "1.0.2"
  resolved "https://registry.yarnpkg.com/koalas/-/koalas-1.0.2.tgz#318433f074235db78fae5661a02a8ca53ee295cd"
  integrity sha512-RYhBbYaTTTHId3l6fnMZc3eGQNW6FVCqMG6AMwA5I1Mafr6AflaXeoi6x3xQuATRotGYRLk6+1ELZH4dstFNOA==

limiter@1.1.5:
  version "1.1.5"
  resolved "https://registry.yarnpkg.com/limiter/-/limiter-1.1.5.tgz#8f92a25b3b16c6131293a0cc834b4a838a2aa7c2"
  integrity sha512-FWWMIEOxz3GwUI4Ts/IvgVy6LPvoMPgjMdQ185nN6psJyBJ4yOpzqm695/h5umdLJg2vW3GR5iG11MAkR2AzJA==

lodash.sortby@^4.7.0:
  version "4.7.0"
  resolved "https://registry.yarnpkg.com/lodash.sortby/-/lodash.sortby-4.7.0.tgz#edd14c824e2cc9c1e0b0a1b42bb5210516a42438"
  integrity sha512-HDWXG8isMntAyRF5vZ7xKuEvOhT4AhlRt/3czTSjvGUxjYCBVRQY48ViDHyfYz9VIoBkW4TMGQNapx+l3RUwdA==

long@^5.0.0:
  version "5.2.1"
  resolved "https://registry.yarnpkg.com/long/-/long-5.2.1.tgz#e27595d0083d103d2fa2c20c7699f8e0c92b897f"
  integrity sha512-GKSNGeNAtw8IryjjkhZxuKB3JzlcLTwjtiQCHKvqQet81I93kXslhDQruGI/QsddO83mcDToBVy7GqGS/zYf/A==

lru-cache@^7.14.0:
  version "7.14.1"
  resolved "https://registry.yarnpkg.com/lru-cache/-/lru-cache-7.14.1.tgz#8da8d2f5f59827edb388e63e459ac23d6d408fea"
  integrity sha512-ysxwsnTKdAx96aTRdhDOCQfDgbHnt8SK0KY8SEjO0wHinhWOFTESbjVCMPbU1uGXg/ch4lifqx0wfjOawU2+WA==

lru-cache@^7.18.3:
  version "7.18.3"
  resolved "https://registry.yarnpkg.com/lru-cache/-/lru-cache-7.18.3.tgz#f793896e0fd0e954a59dfdd82f0773808df6aa89"
  integrity sha512-jumlc0BIUrS3qJGgIkWZsyfAM7NCWiBcCDhnd+3NNM5KbBmLTgHVfWBcg6W+rLUsIpzpERPsvwUP7CckAQSOoA==

module-details-from-path@^1.0.3:
  version "1.0.3"
  resolved "https://registry.yarnpkg.com/module-details-from-path/-/module-details-from-path-1.0.3.tgz#114c949673e2a8a35e9d35788527aa37b679da2b"
  integrity sha512-ySViT69/76t8VhE1xXHK6Ch4NcDd26gx0MzKXLO+F7NOtnqH68d9zF94nT8ZWSxXh8ELOERsnJO/sWt1xZYw5A==

module-details-from-path@^1.0.4:
  version "1.0.4"
  resolved "https://registry.yarnpkg.com/module-details-from-path/-/module-details-from-path-1.0.4.tgz#b662fdcd93f6c83d3f25289da0ce81c8d9685b94"
  integrity sha512-EGWKgxALGMgzvxYF1UyGTy0HXX/2vHLkw6+NvDKW2jypWbHpjQuj4UMcqQWXHERJhVGKikolT06G3bcKe4fi7w==

mutexify@^1.4.0:
  version "1.4.0"
  resolved "https://registry.yarnpkg.com/mutexify/-/mutexify-1.4.0.tgz#b7f4ac0273c81824b840887c6a6e0bfab14bbe94"
  integrity sha512-pbYSsOrSB/AKN5h/WzzLRMFgZhClWccf2XIB4RSMC8JbquiB0e0/SH5AIfdQMdyHmYtv4seU7yV/TvAwPLJ1Yg==
  dependencies:
    queue-tick "^1.0.0"

node-addon-api@^6.1.0:
  version "6.1.0"
  resolved "https://registry.yarnpkg.com/node-addon-api/-/node-addon-api-6.1.0.tgz#ac8470034e58e67d0c6f1204a18ae6995d9c0d76"
  integrity sha512-+eawOlIgy680F0kBzPUNFhMZGtJ1YmqM6l4+Crf4IkImjYrO/mqPwRMh352g23uIaQKFItcQ64I7KMaJxHgAVA==

node-gyp-build@<4.0, node-gyp-build@^3.9.0:
  version "3.9.0"
  resolved "https://registry.yarnpkg.com/node-gyp-build/-/node-gyp-build-3.9.0.tgz#53a350187dd4d5276750da21605d1cb681d09e25"
  integrity sha512-zLcTg6P4AbcHPq465ZMFNXx7XpKKJh+7kkN699NiQWisR2uWYOWNWqRHAmbnmKiL4e9aLSlmy5U7rEMUXV59+A==

node-gyp-build@^4.5.0:
  version "4.6.0"
  resolved "https://registry.yarnpkg.com/node-gyp-build/-/node-gyp-build-4.6.0.tgz#0c52e4cbf54bbd28b709820ef7b6a3c2d6209055"
  integrity sha512-NTZVKn9IylLwUzaKjkas1e4u2DLNcV4rdYagA4PWdPwW87Bi7z+BznyKSRwS/761tV/lzCGXplWsiaMjLqP2zQ==

opentracing@>=0.12.1:
  version "0.14.7"
  resolved "https://registry.yarnpkg.com/opentracing/-/opentracing-0.14.7.tgz#25d472bd0296dc0b64d7b94cbc995219031428f5"
  integrity sha512-vz9iS7MJ5+Bp1URw8Khvdyw1H/hGvzHWlKQ7eRrQojSCDL1/SrWfrY9QebLw97n2deyRtzHRC3MkQfVNUCo91Q==

p-limit@^3.1.0:
  version "3.1.0"
  resolved "https://registry.yarnpkg.com/p-limit/-/p-limit-3.1.0.tgz#e1daccbe78d0d1388ca18c64fea38e3e57e3706b"
  integrity sha512-TYOanM3wGwNGsZN2cVTYPArw454xnXj5qmWF1bEoAc4+cU/ol7GVh7odevjp1FNHduHc3KZMcFduxU5Xc6uJRQ==
  dependencies:
    yocto-queue "^0.1.0"

path-to-regexp@^0.1.12:
  version "0.1.12"
  resolved "https://registry.yarnpkg.com/path-to-regexp/-/path-to-regexp-0.1.12.tgz#d5e1a12e478a976d432ef3c58d534b9923164bb7"
  integrity sha512-RA1GjUVMnvYFxuqovrEqZoxxW5NUZqbwKtYz/Tt7nXerk0LbLblQmrsgdeOxV5SFHf0UDggjS/bSeOZwt1pmEQ==

pprof-format@^2.1.0:
  version "2.1.0"
  resolved "https://registry.yarnpkg.com/pprof-format/-/pprof-format-2.1.0.tgz#acc8d7773bcf4faf0a3d3df11bceefba7ac06664"
  integrity sha512-0+G5bHH0RNr8E5hoZo/zJYsL92MhkZjwrHp3O2IxmY8RJL9ooKeuZ8Tm0ZNBw5sGZ9TiM71sthTjWoR2Vf5/xw==

protobufjs@^7.5.3:
  version "7.5.3"
  resolved "https://registry.yarnpkg.com/protobufjs/-/protobufjs-7.5.3.tgz#13f95a9e3c84669995ec3652db2ac2fb00b89363"
  integrity sha512-sildjKwVqOI2kmFDiXQ6aEB0fjYTafpEvIBs8tOR8qI4spuL9OPROLVu2qZqi/xgCfsHIwVqlaF8JBjWFHnKbw==
  dependencies:
    "@protobufjs/aspromise" "^1.1.2"
    "@protobufjs/base64" "^1.1.2"
    "@protobufjs/codegen" "^2.0.4"
    "@protobufjs/eventemitter" "^1.1.0"
    "@protobufjs/fetch" "^1.1.0"
    "@protobufjs/float" "^1.0.2"
    "@protobufjs/inquire" "^1.1.0"
    "@protobufjs/path" "^1.1.2"
    "@protobufjs/pool" "^1.1.0"
    "@protobufjs/utf8" "^1.1.0"
    "@types/node" ">=13.7.0"
    long "^5.0.0"

queue-tick@^1.0.0:
  version "1.0.1"
  resolved "https://registry.yarnpkg.com/queue-tick/-/queue-tick-1.0.1.tgz#f6f07ac82c1fd60f82e098b417a80e52f1f4c142"
  integrity sha512-kJt5qhMxoszgU/62PLP1CJytzd2NKetjSRnyuj31fDd3Rlcz3fzlFdFLD1SItunPwyqEOkca6GbV612BWfaBag==

retry@^0.13.1:
  version "0.13.1"
  resolved "https://registry.yarnpkg.com/retry/-/retry-0.13.1.tgz#185b1587acf67919d63b357349e03537b2484658"
  integrity sha512-XQBQ3I8W1Cge0Seh+6gjj03LbmRFWuoszgK9ooCpwYIrhhoO80pfq4cUkU5DkknwfOfFteRwlZ56PYOGYyFWdg==

rfdc@^1.4.1:
  version "1.4.1"
  resolved "https://registry.yarnpkg.com/rfdc/-/rfdc-1.4.1.tgz#778f76c4fb731d93414e8f925fbecf64cce7f6ca"
  integrity sha512-q1b3N5QkRUWUl7iyylaaj3kOpIT0N2i9MqIEQXP73GVsN9cw3fdx8X63cEmWhJGi2PPCF23Ijp7ktmd39rawIA==

semifies@^1.0.0:
  version "1.0.0"
  resolved "https://registry.yarnpkg.com/semifies/-/semifies-1.0.0.tgz#b69569f32c2ba2ac04f705ea82831364289b2ae2"
  integrity sha512-xXR3KGeoxTNWPD4aBvL5NUpMTT7WMANr3EWnaS190QVkY52lqqcVRD7Q05UVbBhiWDGWMlJEUam9m7uFFGVScw==

shell-quote@^1.8.2:
  version "1.8.3"
  resolved "https://registry.yarnpkg.com/shell-quote/-/shell-quote-1.8.3.tgz#55e40ef33cf5c689902353a3d8cd1a6725f08b4b"
  integrity sha512-ObmnIF4hXNg1BqhnHmgbDETF8dLPCggZWBjkQfhZpbszZnYur5DUljTcCHii5LC3J5E0yeO/1LIMyH+UvHQgyw==

source-map@^0.7.4:
  version "0.7.4"
  resolved "https://registry.yarnpkg.com/source-map/-/source-map-0.7.4.tgz#a9bbe705c9d8846f4e08ff6765acf0f1b0898656"
  integrity sha512-l3BikUxvPOcn5E74dZiq5BGsTb5yEwhaTSzccU6t4sDOH8NWJCstKO5QT2CvtFoK6F0saL7p9xHAqHOlCPJygA==

tlhunter-sorted-set@^0.1.0:
  version "0.1.0"
  resolved "https://registry.yarnpkg.com/tlhunter-sorted-set/-/tlhunter-sorted-set-0.1.0.tgz#1c3eae28c0fa4dff97e9501d2e3c204b86406f4b"
  integrity sha512-eGYW4bjf1DtrHzUYxYfAcSytpOkA44zsr7G2n3PV7yOUR23vmkGe3LL4R+1jL9OsXtbsFOwe8XtbCrabeaEFnw==

ttl-set@^1.0.0:
  version "1.0.0"
  resolved "https://registry.yarnpkg.com/ttl-set/-/ttl-set-1.0.0.tgz#e7895d946ad9cedfadcf6e3384ea97322a86dd3b"
  integrity sha512-2fuHn/UR+8Z9HK49r97+p2Ru1b5Eewg2QqPrU14BVCQ9QoyU3+vLLZk2WEiyZ9sgJh6W8G1cZr9I2NBLywAHrA==
  dependencies:
    fast-fifo "^1.3.2"

yocto-queue@^0.1.0:
  version "0.1.0"
  resolved "https://registry.yarnpkg.com/yocto-queue/-/yocto-queue-0.1.0.tgz#0294eb3dee05028d31ee1a5fa2c556a6aaf10a1b"
  integrity sha512-rVksvsnNCdJ/ohGc6xgPwyN8eheCxsiLM8mxuE/t/mOVqJewPuO1miLpTHQiRgTKCLexL4MeAFVagts7HmNZ2Q==
